
Microsoft Visual Studio Solution File, Format Version 12.00
# Visual Studio Version 17
VisualStudioVersion = 17.10.34916.146
MinimumVisualStudioVersion = 10.0.40219.1
Project("{FAE04EC0-301F-11D3-BF4B-00C04F79EFBC}") = "AAUS2_HeapFile", "AAUS2_HeapFile\AAUS2_HeapFile.csproj", "{199A19E2-98C1-475F-9289-4BA5AC59005F}"
EndProject
Global
	GlobalSection(SolutionConfigurationPlatforms) = preSolution
		Debug|Any CPU = Debug|Any CPU
		Release|Any CPU = Release|Any CPU
	EndGlobalSection
	GlobalSection(ProjectConfigurationPlatforms) = postSolution
		{199A19E2-98C1-475F-9289-4BA5AC59005F}.Debug|Any CPU.ActiveCfg = Debug|Any CPU
		{199A19E2-98C1-475F-9289-4BA5AC59005F}.Debug|Any CPU.Build.0 = Debug|Any CPU
		{199A19E2-98C1-475F-9289-4BA5AC59005F}.Release|Any CPU.ActiveCfg = Release|Any CPU
		{199A19E2-98C1-475F-9289-4BA5AC59005F}.Release|Any CPU.Build.0 = Release|Any CPU
	EndGlobalSection
	GlobalSection(SolutionProperties) = preSolution
		HideSolutionNode = FALSE
	EndGlobalSection
	GlobalSection(ExtensibilityGlobals) = postSolution
		SolutionGuid = {CE1D1CE0-0D8D-4E39-99B7-C004A0AA4A08}
	EndGlobalSection
EndGlobal
